
Microsoft Visual Studio Solution File, Format Version 12.00
# Visual Studio Version 16
VisualStudioVersion = 16.0.30907.101
MinimumVisualStudioVersion = 10.0.40219.1
Project("{9A19103F-16F7-4668-BE54-9A1E7A4F7556}") = "TaskMediapark.Domain", "Core\TaskMediapark.Domain\TaskMediapark.Domain.csproj", "{D4F2E0FD-835A-4E0A-ACC8-290F69F18959}"
EndProject
Project("{2150E333-8FDC-42A3-9474-1A3956D46DE8}") = "Core", "Core", "{248FB38F-9DD8-4217-B4C2-8DC1A8B7EB22}"
EndProject
Project("{2150E333-8FDC-42A3-9474-1A3956D46DE8}") = "Infrastructure", "Infrastructure", "{1D5F4A67-9F73-4B65-95DF-9E1A667E20FE}"
EndProject
Project("{9A19103F-16F7-4668-BE54-9A1E7A4F7556}") = "TaskMediapark.Service", "Core\TaskMediapark.Service\TaskMediapark.Service.csproj", "{DB3B11B8-558B-4636-AF55-03AE81C30255}"
EndProject
Project("{9A19103F-16F7-4668-BE54-9A1E7A4F7556}") = "TaskMediapark.Persistence", "Infrastructure\TaskMediapark.Persistence\TaskMediapark.Persistence.csproj", "{92E605A9-1446-4509-AB6B-31C4E1DC5032}"
EndProject
Project("{9A19103F-16F7-4668-BE54-9A1E7A4F7556}") = "TaskMediapark.API", "Infrastructure\TaskMediapark.API\TaskMediapark.API.csproj", "{61077A23-E1CD-4E03-9228-05B1AB914FDD}"
EndProject
Project("{FAE04EC0-301F-11D3-BF4B-00C04F79EFBC}") = "UnitTests", "UnitTests\UnitTests.csproj", "{5176D301-C284-4FD8-AC73-B28FC2EA1E73}"
EndProject
Global
	GlobalSection(SolutionConfigurationPlatforms) = preSolution
		Debug|Any CPU = Debug|Any CPU
		Release|Any CPU = Release|Any CPU
	EndGlobalSection
	GlobalSection(ProjectConfigurationPlatforms) = postSolution
		{D4F2E0FD-835A-4E0A-ACC8-290F69F18959}.Debug|Any CPU.ActiveCfg = Debug|Any CPU
		{D4F2E0FD-835A-4E0A-ACC8-290F69F18959}.Debug|Any CPU.Build.0 = Debug|Any CPU
		{D4F2E0FD-835A-4E0A-ACC8-290F69F18959}.Release|Any CPU.ActiveCfg = Release|Any CPU
		{D4F2E0FD-835A-4E0A-ACC8-290F69F18959}.Release|Any CPU.Build.0 = Release|Any CPU
		{DB3B11B8-558B-4636-AF55-03AE81C30255}.Debug|Any CPU.ActiveCfg = Debug|Any CPU
		{DB3B11B8-558B-4636-AF55-03AE81C30255}.Debug|Any CPU.Build.0 = Debug|Any CPU
		{DB3B11B8-558B-4636-AF55-03AE81C30255}.Release|Any CPU.ActiveCfg = Release|Any CPU
		{DB3B11B8-558B-4636-AF55-03AE81C30255}.Release|Any CPU.Build.0 = Release|Any CPU
		{92E605A9-1446-4509-AB6B-31C4E1DC5032}.Debug|Any CPU.ActiveCfg = Debug|Any CPU
		{92E605A9-1446-4509-AB6B-31C4E1DC5032}.Debug|Any CPU.Build.0 = Debug|Any CPU
		{92E605A9-1446-4509-AB6B-31C4E1DC5032}.Release|Any CPU.ActiveCfg = Release|Any CPU
		{92E605A9-1446-4509-AB6B-31C4E1DC5032}.Release|Any CPU.Build.0 = Release|Any CPU
		{61077A23-E1CD-4E03-9228-05B1AB914FDD}.Debug|Any CPU.ActiveCfg = Debug|Any CPU
		{61077A23-E1CD-4E03-9228-05B1AB914FDD}.Debug|Any CPU.Build.0 = Debug|Any CPU
		{61077A23-E1CD-4E03-9228-05B1AB914FDD}.Release|Any CPU.ActiveCfg = Release|Any CPU
		{61077A23-E1CD-4E03-9228-05B1AB914FDD}.Release|Any CPU.Build.0 = Release|Any CPU
		{5176D301-C284-4FD8-AC73-B28FC2EA1E73}.Debug|Any CPU.ActiveCfg = Debug|Any CPU
		{5176D301-C284-4FD8-AC73-B28FC2EA1E73}.Debug|Any CPU.Build.0 = Debug|Any CPU
		{5176D301-C284-4FD8-AC73-B28FC2EA1E73}.Release|Any CPU.ActiveCfg = Release|Any CPU
		{5176D301-C284-4FD8-AC73-B28FC2EA1E73}.Release|Any CPU.Build.0 = Release|Any CPU
	EndGlobalSection
	GlobalSection(SolutionProperties) = preSolution
		HideSolutionNode = FALSE
	EndGlobalSection
	GlobalSection(NestedProjects) = preSolution
		{D4F2E0FD-835A-4E0A-ACC8-290F69F18959} = {248FB38F-9DD8-4217-B4C2-8DC1A8B7EB22}
		{DB3B11B8-558B-4636-AF55-03AE81C30255} = {248FB38F-9DD8-4217-B4C2-8DC1A8B7EB22}
		{92E605A9-1446-4509-AB6B-31C4E1DC5032} = {1D5F4A67-9F73-4B65-95DF-9E1A667E20FE}
		{61077A23-E1CD-4E03-9228-05B1AB914FDD} = {1D5F4A67-9F73-4B65-95DF-9E1A667E20FE}
	EndGlobalSection
	GlobalSection(ExtensibilityGlobals) = postSolution
		SolutionGuid = {FAE9C837-3ACF-40FF-81AF-051CC93F506D}
	EndGlobalSection
EndGlobal
